// !$*UTF8*$!
{
	archiveVersion = 1;
	classes = {
	};
	objectVersion = 46;
	objects = {

/* Begin PBXBuildFile section */
		96A9C7B81D1BB04C00270B3C /* AppDelegate.swift in Sources */ = {isa = PBXBuildFile; fileRef = 96A9C7B71D1BB04C00270B3C /* AppDelegate.swift */; };
		96A9C7BA1D1BB04C00270B3C /* ViewController.swift in Sources */ = {isa = PBXBuildFile; fileRef = 96A9C7B91D1BB04C00270B3C /* ViewController.swift */; };
		96A9C7BD1D1BB04C00270B3C /* Main.storyboard in Resources */ = {isa = PBXBuildFile; fileRef = 96A9C7BB1D1BB04C00270B3C /* Main.storyboard */; };
		96A9C7BF1D1BB04C00270B3C /* Assets.xcassets in Resources */ = {isa = PBXBuildFile; fileRef = 96A9C7BE1D1BB04C00270B3C /* Assets.xcassets */; };
		96A9C7C21D1BB04C00270B3C /* LaunchScreen.storyboard in Resources */ = {isa = PBXBuildFile; fileRef = 96A9C7C01D1BB04C00270B3C /* LaunchScreen.storyboard */; };
		96A9C7CA1D1BB3FC00270B3C /* TopLineViewController.swift in Sources */ = {isa = PBXBuildFile; fileRef = 96A9C7C91D1BB3FC00270B3C /* TopLineViewController.swift */; };
		96A9C7CC1D1BB48100270B3C /* HotViewController.swift in Sources */ = {isa = PBXBuildFile; fileRef = 96A9C7CB1D1BB48100270B3C /* HotViewController.swift */; };
		96A9C7CE1D1BB52700270B3C /* VedioViewController.swift in Sources */ = {isa = PBXBuildFile; fileRef = 96A9C7CD1D1BB52700270B3C /* VedioViewController.swift */; };
		96A9C7D01D1BB59500270B3C /* SocietyViewController.swift in Sources */ = {isa = PBXBuildFile; fileRef = 96A9C7CF1D1BB59500270B3C /* SocietyViewController.swift */; };
		96A9C7D21D1BB5FD00270B3C /* ReaderViewController.swift in Sources */ = {isa = PBXBuildFile; fileRef = 96A9C7D11D1BB5FD00270B3C /* ReaderViewController.swift */; };
		96A9C7D41D1BB64C00270B3C /* ScienceViewController.swift in Sources */ = {isa = PBXBuildFile; fileRef = 96A9C7D31D1BB64C00270B3C /* ScienceViewController.swift */; };
/* End PBXBuildFile section */

/* Begin PBXFileReference section */
		96A9C7B41D1BB04C00270B3C /* NewsHomeDemo.app */ = {isa = PBXFileReference; explicitFileType = wrapper.application; includeInIndex = 0; path = NewsHomeDemo.app; sourceTree = BUILT_PRODUCTS_DIR; };
		96A9C7B71D1BB04C00270B3C /* AppDelegate.swift */ = {isa = PBXFileReference; lastKnownFileType = sourcecode.swift; path = AppDelegate.swift; sourceTree = "<group>"; };
		96A9C7B91D1BB04C00270B3C /* ViewController.swift */ = {isa = PBXFileReference; lastKnownFileType = sourcecode.swift; path = ViewController.swift; sourceTree = "<group>"; };
		96A9C7BC1D1BB04C00270B3C /* Base */ = {isa = PBXFileReference; lastKnownFileType = file.storyboard; name = Base; path = Base.lproj/Main.storyboard; sourceTree = "<group>"; };
		96A9C7BE1D1BB04C00270B3C /* Assets.xcassets */ = {isa = PBXFileReference; lastKnownFileType = folder.assetcatalog; path = Assets.xcassets; sourceTree = "<group>"; };
		96A9C7C11D1BB04C00270B3C /* Base */ = {isa = PBXFileReference; lastKnownFileType = file.storyboard; name = Base; path = Base.lproj/LaunchScreen.storyboard; sourceTree = "<group>"; };
		96A9C7C31D1BB04C00270B3C /* Info.plist */ = {isa = PBXFileReference; lastKnownFileType = text.plist.xml; path = Info.plist; sourceTree = "<group>"; };
		96A9C7C91D1BB3FC00270B3C /* TopLineViewController.swift */ = {isa = PBXFileReference; fileEncoding = 4; lastKnownFileType = sourcecode.swift; path = TopLineViewController.swift; sourceTree = "<group>"; };
		96A9C7CB1D1BB48100270B3C /* HotViewController.swift */ = {isa = PBXFileReference; fileEncoding = 4; lastKnownFileType = sourcecode.swift; path = HotViewController.swift; sourceTree = "<group>"; };
		96A9C7CD1D1BB52700270B3C /* VedioViewController.swift */ = {isa = PBXFileReference; fileEncoding = 4; lastKnownFileType = sourcecode.swift; path = VedioViewController.swift; sourceTree = "<group>"; };
		96A9C7CF1D1BB59500270B3C /* SocietyViewController.swift */ = {isa = PBXFileReference; fileEncoding = 4; lastKnownFileType = sourcecode.swift; path = SocietyViewController.swift; sourceTree = "<group>"; };
		96A9C7D11D1BB5FD00270B3C /* ReaderViewController.swift */ = {isa = PBXFileReference; fileEncoding = 4; lastKnownFileType = sourcecode.swift; path = ReaderViewController.swift; sourceTree = "<group>"; };
		96A9C7D31D1BB64C00270B3C /* ScienceViewController.swift */ = {isa = PBXFileReference; fileEncoding = 4; lastKnownFileType = sourcecode.swift; path = ScienceViewController.swift; sourceTree = "<group>"; };
/* End PBXFileReference section */

/* Begin PBXFrameworksBuildPhase section */
		96A9C7B11D1BB04C00270B3C /* Frameworks */ = {
			isa = PBXFrameworksBuildPhase;
			buildActionMask = 2147483647;
			files = (
			);
			runOnlyForDeploymentPostprocessing = 0;
		};
/* End PBXFrameworksBuildPhase section */

/* Begin PBXGroup section */
		96A9C7AB1D1BB04C00270B3C = {
			isa = PBXGroup;
			children = (
				96A9C7B61D1BB04C00270B3C /* NewsHomeDemo */,
				96A9C7B51D1BB04C00270B3C /* Products */,
			);
			sourceTree = "<group>";
		};
		96A9C7B51D1BB04C00270B3C /* Products */ = {
			isa = PBXGroup;
			children = (
				96A9C7B41D1BB04C00270B3C /* NewsHomeDemo.app */,
			);
			name = Products;
			sourceTree = "<group>";
		};
		96A9C7B61D1BB04C00270B3C /* NewsHomeDemo */ = {
			isa = PBXGroup;
			children = (
				96A9C7B71D1BB04C00270B3C /* AppDelegate.swift */,
				96A9C7B91D1BB04C00270B3C /* ViewController.swift */,
				96A9C7BB1D1BB04C00270B3C /* Main.storyboard */,
				96A9C7BE1D1BB04C00270B3C /* Assets.xcassets */,
				96A9C7C01D1BB04C00270B3C /* LaunchScreen.storyboard */,
				96A9C7C31D1BB04C00270B3C /* Info.plist */,
				96A9C7C91D1BB3FC00270B3C /* TopLineViewController.swift */,
				96A9C7CB1D1BB48100270B3C /* HotViewController.swift */,
				96A9C7CD1D1BB52700270B3C /* VedioViewController.swift */,
				96A9C7CF1D1BB59500270B3C /* SocietyViewController.swift */,
				96A9C7D11D1BB5FD00270B3C /* ReaderViewController.swift */,
				96A9C7D31D1BB64C00270B3C /* ScienceViewController.swift */,
			);
			path = NewsHomeDemo;
			sourceTree = "<group>";
		};
/* End PBXGroup section */

/* Begin PBXNativeTarget section */
		96A9C7B31D1BB04C00270B3C /* NewsHomeDemo */ = {
			isa = PBXNativeTarget;
			buildConfigurationList = 96A9C7C61D1BB04C00270B3C /* Build configuration list for PBXNativeTarget "NewsHomeDemo" */;
			buildPhases = (
				96A9C7B01D1BB04C00270B3C /* Sources */,
				96A9C7B11D1BB04C00270B3C /* Frameworks */,
				96A9C7B21D1BB04C00270B3C /* Resources */,
			);
			buildRules = (
			);
			dependencies = (
			);
			name = NewsHomeDemo;
			productName = NewsHomeDemo;
			productReference = 96A9C7B41D1BB04C00270B3C /* NewsHomeDemo.app */;
			productType = "com.apple.product-type.application";
		};
/* End PBXNativeTarget section */

/* Begin PBXProject section */
		96A9C7AC1D1BB04C00270B3C /* Project object */ = {
			isa = PBXProject;
			attributes = {
				LastSwiftUpdateCheck = 0730;
				LastUpgradeCheck = 0730;
				ORGANIZATIONNAME = SoulJa;
				TargetAttributes = {
					96A9C7B31D1BB04C00270B3C = {
						CreatedOnToolsVersion = 7.3.1;
						DevelopmentTeam = 6V3H2BMVZC;
					};
				};
			};
			buildConfigurationList = 96A9C7AF1D1BB04C00270B3C /* Build configuration list for PBXProject "NewsHomeDemo" */;
			compatibilityVersion = "Xcode 3.2";
			developmentRegion = English;
			hasScannedForEncodings = 0;
			knownRegions = (
				en,
				Base,
			);
			mainGroup = 96A9C7AB1D1BB04C00270B3C;
			productRefGroup = 96A9C7B51D1BB04C00270B3C /* Products */;
			projectDirPath = "";
			projectRoot = "";
			targets = (
				96A9C7B31D1BB04C00270B3C /* NewsHomeDemo */,
			);
		};
/* End PBXProject section */

/* Begin PBXResourcesBuildPhase section */
		96A9C7B21D1BB04C00270B3C /* Resources */ = {
			isa = PBXResourcesBuildPhase;
			buildActionMask = 2147483647;
			files = (
				96A9C7C21D1BB04C00270B3C /* LaunchScreen.storyboard in Resources */,
				96A9C7BF1D1BB04C00270B3C /* Assets.xcassets in Resources */,
				96A9C7BD1D1BB04C00270B3C /* Main.storyboard in Resources */,
			);
			runOnlyForDeploymentPostprocessing = 0;
		};
/* End PBXResourcesBuildPhase section */

/* Begin PBXSourcesBuildPhase section */
		96A9C7B01D1BB04C00270B3C /* Sources */ = {
			isa = PBXSourcesBuildPhase;
			buildActionMask = 2147483647;
			files = (
				96A9C7CE1D1BB52700270B3C /* VedioViewController.swift in Sources */,
				96A9C7CC1D1BB48100270B3C /* HotViewController.swift in Sources */,
				96A9C7D21D1BB5FD00270B3C /* ReaderViewController.swift in Sources */,
				96A9C7CA1D1BB3FC00270B3C /* TopLineViewController.swift in Sources */,
				96A9C7BA1D1BB04C00270B3C /* ViewController.swift in Sources */,
				96A9C7B81D1BB04C00270B3C /* AppDelegate.swift in Sources */,
				96A9C7D01D1BB59500270B3C /* SocietyViewController.swift in Sources */,
				96A9C7D41D1BB64C00270B3C /* ScienceViewController.swift in Sources */,
			);
			runOnlyForDeploymentPostprocessing = 0;
		};
/* End PBXSourcesBuildPhase section */

/* Begin PBXVariantGroup section */
		96A9C7BB1D1BB04C00270B3C /* Main.storyboard */ = {
			isa = PBXVariantGroup;
			children = (
				96A9C7BC1D1BB04C00270B3C /* Base */,
			);
			name = Main.storyboard;
			sourceTree = "<group>";
		};
		96A9C7C01D1BB04C00270B3C /* LaunchScreen.storyboard */ = {
			isa = PBXVariantGroup;
			children = (
				96A9C7C11D1BB04C00270B3C /* Base */,
			);
			name = LaunchScreen.storyboard;
			sourceTree = "<group>";
		};
/* End PBXVariantGroup section */

/* Begin XCBuildConfiguration section */
		96A9C7C41D1BB04C00270B3C /* Debug */ = {
			isa = XCBuildConfiguration;
			buildSettings = {
				ALWAYS_SEARCH_USER_PATHS = NO;
				CLANG_ANALYZER_NONNULL = YES;
				CLANG_CXX_LANGUAGE_STANDARD = "gnu++0x";
				CLANG_CXX_LIBRARY = "libc++";
				CLANG_ENABLE_MODULES = YES;
				CLANG_ENABLE_OBJC_ARC = YES;
				CLANG_WARN_BOOL_CONVERSION = YES;
				CLANG_WARN_CONSTANT_CONVERSION = YES;
				CLANG_WARN_DIRECT_OBJC_ISA_USAGE = YES_ERROR;
				CLANG_WARN_EMPTY_BODY = YES;
				CLANG_WARN_ENUM_CONVERSION = YES;
				CLANG_WARN_INT_CONVERSION = YES;
				CLANG_WARN_OBJC_ROOT_CLASS = YES_ERROR;
				CLANG_WARN_UNREACHABLE_CODE = YES;
				CLANG_WARN__DUPLICATE_METHOD_MATCH = YES;
				"CODE_SIGN_IDENTITY[sdk=iphoneos*]" = "iPhone Developer";
				COPY_PHASE_STRIP = NO;
				DEBUG_INFORMATION_FORMAT = dwarf;
				ENABLE_STRICT_OBJC_MSGSEND = YES;
				ENABLE_TESTABILITY = YES;
				GCC_C_LANGUAGE_STANDARD = gnu99;
				GCC_DYNAMIC_NO_PIC = NO;
				GCC_NO_COMMON_BLOCKS = YES;
				GCC_OPTIMIZATION_LEVEL = 0;
				GCC_PREPROCESSOR_DEFINITIONS = (
					"DEBUG=1",
					"$(inherited)",
				);
				GCC_WARN_64_TO_32_BIT_CONVERSION = YES;
				GCC_WARN_ABOUT_RETURN_TYPE = YES_ERROR;
				GCC_WARN_UNDECLARED_SELECTOR = YES;
				GCC_WARN_UNINITIALIZED_AUTOS = YES_AGGRESSIVE;
				GCC_WARN_UNUSED_FUNCTION = YES;
				GCC_WARN_UNUSED_VARIABLE = YES;
				IPHONEOS_DEPLOYMENT_TARGET = 9.3;
				MTL_ENABLE_DEBUG_INFO = YES;
				ONLY_ACTIVE_ARCH = YES;
				SDKROOT = iphoneos;
				SWIFT_OPTIMIZATION_LEVEL = "-Onone";
			};
			name = Debug;
		};
		96A9C7C51D1BB04C00270B3C /* Release */ = {
			isa = XCBuildConfiguration;
			buildSettings = {
				ALWAYS_SEARCH_USER_PATHS = NO;
				CLANG_ANALYZER_NONNULL = YES;
				CLANG_CXX_LANGUAGE_STANDARD = "gnu++0x";
				CLANG_CXX_LIBRARY = "libc++";
				CLANG_ENABLE_MODULES = YES;
				CLANG_ENABLE_OBJC_ARC = YES;
				CLANG_WARN_BOOL_CONVERSION = YES;
				CLANG_WARN_CONSTANT_CONVERSION = YES;
				CLANG_WARN_DIRECT_OBJC_ISA_USAGE = YES_ERROR;
				CLANG_WARN_EMPTY_BODY = YES;
				CLANG_WARN_ENUM_CONVERSION = YES;
				CLANG_WARN_INT_CONVERSION = YES;
				CLANG_WARN_OBJC_ROOT_CLASS = YES_ERROR;
				CLANG_WARN_UNREACHABLE_CODE = YES;
				CLANG_WARN__DUPLICATE_METHOD_MATCH = YES;
				"CODE_SIGN_IDENTITY[sdk=iphoneos*]" = "iPhone Developer";
				COPY_PHASE_STRIP = NO;
				DEBUG_INFORMATION_FORMAT = "dwarf-with-dsym";
				ENABLE_NS_ASSERTIONS = NO;
				ENABLE_STRICT_OBJC_MSGSEND = YES;
				GCC_C_LANGUAGE_STANDARD = gnu99;
				GCC_NO_COMMON_BLOCKS = YES;
				GCC_WARN_64_TO_32_BIT_CONVERSION = YES;
				GCC_WARN_ABOUT_RETURN_TYPE = YES_ERROR;
				GCC_WARN_UNDECLARED_SELECTOR = YES;
				GCC_WARN_UNINITIALIZED_AUTOS = YES_AGGRESSIVE;
				GCC_WARN_UNUSED_FUNCTION = YES;
				GCC_WARN_UNUSED_VARIABLE = YES;
				IPHONEOS_DEPLOYMENT_TARGET = 9.3;
				MTL_ENABLE_DEBUG_INFO = NO;
				SDKROOT = iphoneos;
				VALIDATE_PRODUCT = YES;
			};
			name = Release;
		};
		96A9C7C71D1BB04C00270B3C /* Debug */ = {
			isa = XCBuildConfiguration;
			buildSettings = {
				ASSETCATALOG_COMPILER_APPICON_NAME = AppIcon;
				CODE_SIGN_IDENTITY = "iPhone Developer";
				"CODE_SIGN_IDENTITY[sdk=iphoneos*]" = "iPhone Developer";
				INFOPLIST_FILE = NewsHomeDemo/Info.plist;
				LD_RUNPATH_SEARCH_PATHS = "$(inherited) @executable_path/Frameworks";
				PRODUCT_BUNDLE_IDENTIFIER = com.soulja.NewsHomeDemo;
				PRODUCT_NAME = "$(TARGET_NAME)";
				PROVISIONING_PROFILE = "";
			};
			name = Debug;
		};
		96A9C7C81D1BB04C00270B3C /* Release */ = {
			isa = XCBuildConfiguration;
			buildSettings = {
				ASSETCATALOG_COMPILER_APPICON_NAME = AppIcon;
				CODE_SIGN_IDENTITY = "iPhone Developer";
				"CODE_SIGN_IDENTITY[sdk=iphoneos*]" = "iPhone Developer";
				INFOPLIST_FILE = NewsHomeDemo/Info.plist;
				LD_RUNPATH_SEARCH_PATHS = "$(inherited) @executable_path/Frameworks";
				PRODUCT_BUNDLE_IDENTIFIER = com.soulja.NewsHomeDemo;
				PRODUCT_NAME = "$(TARGET_NAME)";
				PROVISIONING_PROFILE = "";
			};
			name = Release;
		};
/* End XCBuildConfiguration section */

/* Begin XCConfigurationList section */
		96A9C7AF1D1BB04C00270B3C /* Build configuration list for PBXProject "NewsHomeDemo" */ = {
			isa = XCConfigurationList;
			buildConfigurations = (
				96A9C7C41D1BB04C00270B3C /* Debug */,
				96A9C7C51D1BB04C00270B3C /* Release */,
			);
			defaultConfigurationIsVisible = 0;
			defaultConfigurationName = Release;
		};
		96A9C7C61D1BB04C00270B3C /* Build configuration list for PBXNativeTarget "NewsHomeDemo" */ = {
			isa = XCConfigurationList;
			buildConfigurations = (
				96A9C7C71D1BB04C00270B3C /* Debug */,
				96A9C7C81D1BB04C00270B3C /* Release */,
			);
			defaultConfigurationIsVisible = 0;
		};
/* End XCConfigurationList section */
	};
	rootObject = 96A9C7AC1D1BB04C00270B3C /* Project object */;
}
